
Microsoft Visual Studio Solution File, Format Version 12.00
# Visual Studio 2017
Project("{FAE04EC0-301F-11D3-BF4B-00C04F79EFBC}") = "HeavyDak.Plugins", "HeavyDak.Plugins.csproj", "{5319BE56-B0B2-2DC5-FFD9-B4515E601C4E}"
EndProject
Project("{FAE04EC0-301F-11D3-BF4B-00C04F79EFBC}") = "HeavyDak", "HeavyDak.csproj", "{A6881899-5E60-C625-97D1-34C1E2F5699D}"
EndProject
Global
	GlobalSection(SolutionConfigurationPlatforms) = preSolution
		Debug|Any CPU = Debug|Any CPU
		Release|Any CPU = Release|Any CPU
	EndGlobalSection
	GlobalSection(ProjectConfigurationPlatforms) = postSolution
		{5319BE56-B0B2-2DC5-FFD9-B4515E601C4E}.Debug|Any CPU.ActiveCfg = Debug|Any CPU
		{5319BE56-B0B2-2DC5-FFD9-B4515E601C4E}.Debug|Any CPU.Build.0 = Debug|Any CPU
		{5319BE56-B0B2-2DC5-FFD9-B4515E601C4E}.Release|Any CPU.ActiveCfg = Release|Any CPU
		{5319BE56-B0B2-2DC5-FFD9-B4515E601C4E}.Release|Any CPU.Build.0 = Release|Any CPU
		{A6881899-5E60-C625-97D1-34C1E2F5699D}.Debug|Any CPU.ActiveCfg = Debug|Any CPU
		{A6881899-5E60-C625-97D1-34C1E2F5699D}.Debug|Any CPU.Build.0 = Debug|Any CPU
		{A6881899-5E60-C625-97D1-34C1E2F5699D}.Release|Any CPU.ActiveCfg = Release|Any CPU
		{A6881899-5E60-C625-97D1-34C1E2F5699D}.Release|Any CPU.Build.0 = Release|Any CPU
	EndGlobalSection
	GlobalSection(SolutionProperties) = preSolution
		HideSolutionNode = FALSE
	EndGlobalSection
EndGlobal
